// !$*UTF8*$!
{
	archiveVersion = 1;
	classes = {
	};
	objectVersion = 46;
	objects = {

/* Begin PBXBuildFile section */
		F5FC3E311D1CDFFE009829B1 /* main.m in Sources */ = {isa = PBXBuildFile; fileRef = F5FC3E301D1CDFFE009829B1 /* main.m */; };
		F5FC3E341D1CDFFE009829B1 /* AppDelegate.m in Sources */ = {isa = PBXBuildFile; fileRef = F5FC3E331D1CDFFE009829B1 /* AppDelegate.m */; };
		F5FC3E371D1CDFFE009829B1 /* ViewController.m in Sources */ = {isa = PBXBuildFile; fileRef = F5FC3E361D1CDFFE009829B1 /* ViewController.m */; };
		F5FC3E3A1D1CDFFE009829B1 /* Main.storyboard in Resources */ = {isa = PBXBuildFile; fileRef = F5FC3E381D1CDFFE009829B1 /* Main.storyboard */; };
		F5FC3E3C1D1CDFFE009829B1 /* Assets.xcassets in Resources */ = {isa = PBXBuildFile; fileRef = F5FC3E3B1D1CDFFE009829B1 /* Assets.xcassets */; };
		F5FC3E3F1D1CDFFE009829B1 /* LaunchScreen.storyboard in Resources */ = {isa = PBXBuildFile; fileRef = F5FC3E3D1D1CDFFE009829B1 /* LaunchScreen.storyboard */; };
		F5FC3E4A1D1CDFFE009829B1 /* ____Tests.m in Sources */ = {isa = PBXBuildFile; fileRef = F5FC3E491D1CDFFE009829B1 /* ____Tests.m */; };
		F5FC3E551D1CDFFE009829B1 /* ____UITests.m in Sources */ = {isa = PBXBuildFile; fileRef = F5FC3E541D1CDFFE009829B1 /* ____UITests.m */; };
		F5FC3E641D1CE0DF009829B1 /* ZJJTimeOutApplicetion.m in Sources */ = {isa = PBXBuildFile; fileRef = F5FC3E631D1CE0DF009829B1 /* ZJJTimeOutApplicetion.m */; };
/* End PBXBuildFile section */

/* Begin PBXContainerItemProxy section */
		F5FC3E461D1CDFFE009829B1 /* PBXContainerItemProxy */ = {
			isa = PBXContainerItemProxy;
			containerPortal = F5FC3E241D1CDFFD009829B1 /* Project object */;
			proxyType = 1;
			remoteGlobalIDString = F5FC3E2B1D1CDFFE009829B1;
			remoteInfo = "界面超时";
		};
		F5FC3E511D1CDFFE009829B1 /* PBXContainerItemProxy */ = {
			isa = PBXContainerItemProxy;
			containerPortal = F5FC3E241D1CDFFD009829B1 /* Project object */;
			proxyType = 1;
			remoteGlobalIDString = F5FC3E2B1D1CDFFE009829B1;
			remoteInfo = "界面超时";
		};
/* End PBXContainerItemProxy section */

/* Begin PBXFileReference section */
		F5FC3E2C1D1CDFFE009829B1 /* 界面超时.app */ = {isa = PBXFileReference; explicitFileType = wrapper.application; includeInIndex = 0; path = "界面超时.app"; sourceTree = BUILT_PRODUCTS_DIR; };
		F5FC3E301D1CDFFE009829B1 /* main.m */ = {isa = PBXFileReference; lastKnownFileType = sourcecode.c.objc; path = main.m; sourceTree = "<group>"; };
		F5FC3E321D1CDFFE009829B1 /* AppDelegate.h */ = {isa = PBXFileReference; lastKnownFileType = sourcecode.c.h; path = AppDelegate.h; sourceTree = "<group>"; };
		F5FC3E331D1CDFFE009829B1 /* AppDelegate.m */ = {isa = PBXFileReference; lastKnownFileType = sourcecode.c.objc; path = AppDelegate.m; sourceTree = "<group>"; };
		F5FC3E351D1CDFFE009829B1 /* ViewController.h */ = {isa = PBXFileReference; lastKnownFileType = sourcecode.c.h; path = ViewController.h; sourceTree = "<group>"; };
		F5FC3E361D1CDFFE009829B1 /* ViewController.m */ = {isa = PBXFileReference; lastKnownFileType = sourcecode.c.objc; path = ViewController.m; sourceTree = "<group>"; };
		F5FC3E391D1CDFFE009829B1 /* Base */ = {isa = PBXFileReference; lastKnownFileType = file.storyboard; name = Base; path = Base.lproj/Main.storyboard; sourceTree = "<group>"; };
		F5FC3E3B1D1CDFFE009829B1 /* Assets.xcassets */ = {isa = PBXFileReference; lastKnownFileType = folder.assetcatalog; path = Assets.xcassets; sourceTree = "<group>"; };
		F5FC3E3E1D1CDFFE009829B1 /* Base */ = {isa = PBXFileReference; lastKnownFileType = file.storyboard; name = Base; path = Base.lproj/LaunchScreen.storyboard; sourceTree = "<group>"; };
		F5FC3E401D1CDFFE009829B1 /* Info.plist */ = {isa = PBXFileReference; lastKnownFileType = text.plist.xml; path = Info.plist; sourceTree = "<group>"; };
		F5FC3E451D1CDFFE009829B1 /* 界面超时Tests.xctest */ = {isa = PBXFileReference; explicitFileType = wrapper.cfbundle; includeInIndex = 0; path = "界面超时Tests.xctest"; sourceTree = BUILT_PRODUCTS_DIR; };
		F5FC3E491D1CDFFE009829B1 /* ____Tests.m */ = {isa = PBXFileReference; lastKnownFileType = sourcecode.c.objc; path = "____Tests.m"; sourceTree = "<group>"; };
		F5FC3E4B1D1CDFFE009829B1 /* Info.plist */ = {isa = PBXFileReference; lastKnownFileType = text.plist.xml; path = Info.plist; sourceTree = "<group>"; };
		F5FC3E501D1CDFFE009829B1 /* 界面超时UITests.xctest */ = {isa = PBXFileReference; explicitFileType = wrapper.cfbundle; includeInIndex = 0; path = "界面超时UITests.xctest"; sourceTree = BUILT_PRODUCTS_DIR; };
		F5FC3E541D1CDFFE009829B1 /* ____UITests.m */ = {isa = PBXFileReference; lastKnownFileType = sourcecode.c.objc; path = "____UITests.m"; sourceTree = "<group>"; };
		F5FC3E561D1CDFFE009829B1 /* Info.plist */ = {isa = PBXFileReference; lastKnownFileType = text.plist.xml; path = Info.plist; sourceTree = "<group>"; };
		F5FC3E621D1CE0DF009829B1 /* ZJJTimeOutApplicetion.h */ = {isa = PBXFileReference; fileEncoding = 4; lastKnownFileType = sourcecode.c.h; path = ZJJTimeOutApplicetion.h; sourceTree = "<group>"; };
		F5FC3E631D1CE0DF009829B1 /* ZJJTimeOutApplicetion.m */ = {isa = PBXFileReference; fileEncoding = 4; lastKnownFileType = sourcecode.c.objc; path = ZJJTimeOutApplicetion.m; sourceTree = "<group>"; };
/* End PBXFileReference section */

/* Begin PBXFrameworksBuildPhase section */
		F5FC3E291D1CDFFE009829B1 /* Frameworks */ = {
			isa = PBXFrameworksBuildPhase;
			buildActionMask = 2147483647;
			files = (
			);
			runOnlyForDeploymentPostprocessing = 0;
		};
		F5FC3E421D1CDFFE009829B1 /* Frameworks */ = {
			isa = PBXFrameworksBuildPhase;
			buildActionMask = 2147483647;
			files = (
			);
			runOnlyForDeploymentPostprocessing = 0;
		};
		F5FC3E4D1D1CDFFE009829B1 /* Frameworks */ = {
			isa = PBXFrameworksBuildPhase;
			buildActionMask = 2147483647;
			files = (
			);
			runOnlyForDeploymentPostprocessing = 0;
		};
/* End PBXFrameworksBuildPhase section */

/* Begin PBXGroup section */
		F5FC3E231D1CDFFD009829B1 = {
			isa = PBXGroup;
			children = (
				F5FC3E2E1D1CDFFE009829B1 /* 界面超时 */,
				F5FC3E481D1CDFFE009829B1 /* 界面超时Tests */,
				F5FC3E531D1CDFFE009829B1 /* 界面超时UITests */,
				F5FC3E2D1D1CDFFE009829B1 /* Products */,
			);
			sourceTree = "<group>";
		};
		F5FC3E2D1D1CDFFE009829B1 /* Products */ = {
			isa = PBXGroup;
			children = (
				F5FC3E2C1D1CDFFE009829B1 /* 界面超时.app */,
				F5FC3E451D1CDFFE009829B1 /* 界面超时Tests.xctest */,
				F5FC3E501D1CDFFE009829B1 /* 界面超时UITests.xctest */,
			);
			name = Products;
			sourceTree = "<group>";
		};
		F5FC3E2E1D1CDFFE009829B1 /* 界面超时 */ = {
			isa = PBXGroup;
			children = (
				F5FC3E321D1CDFFE009829B1 /* AppDelegate.h */,
				F5FC3E331D1CDFFE009829B1 /* AppDelegate.m */,
				F5FC3E351D1CDFFE009829B1 /* ViewController.h */,
				F5FC3E361D1CDFFE009829B1 /* ViewController.m */,
				F5FC3E621D1CE0DF009829B1 /* ZJJTimeOutApplicetion.h */,
				F5FC3E631D1CE0DF009829B1 /* ZJJTimeOutApplicetion.m */,
				F5FC3E381D1CDFFE009829B1 /* Main.storyboard */,
				F5FC3E3B1D1CDFFE009829B1 /* Assets.xcassets */,
				F5FC3E3D1D1CDFFE009829B1 /* LaunchScreen.storyboard */,
				F5FC3E401D1CDFFE009829B1 /* Info.plist */,
				F5FC3E2F1D1CDFFE009829B1 /* Supporting Files */,
			);
			path = "界面超时";
			sourceTree = "<group>";
		};
		F5FC3E2F1D1CDFFE009829B1 /* Supporting Files */ = {
			isa = PBXGroup;
			children = (
				F5FC3E301D1CDFFE009829B1 /* main.m */,
			);
			name = "Supporting Files";
			sourceTree = "<group>";
		};
		F5FC3E481D1CDFFE009829B1 /* 界面超时Tests */ = {
			isa = PBXGroup;
			children = (
				F5FC3E491D1CDFFE009829B1 /* ____Tests.m */,
				F5FC3E4B1D1CDFFE009829B1 /* Info.plist */,
			);
			path = "界面超时Tests";
			sourceTree = "<group>";
		};
		F5FC3E531D1CDFFE009829B1 /* 界面超时UITests */ = {
			isa = PBXGroup;
			children = (
				F5FC3E541D1CDFFE009829B1 /* ____UITests.m */,
				F5FC3E561D1CDFFE009829B1 /* Info.plist */,
			);
			path = "界面超时UITests";
			sourceTree = "<group>";
		};
/* End PBXGroup section */

/* Begin PBXNativeTarget section */
		F5FC3E2B1D1CDFFE009829B1 /* 界面超时 */ = {
			isa = PBXNativeTarget;
			buildConfigurationList = F5FC3E591D1CDFFE009829B1 /* Build configuration list for PBXNativeTarget "界面超时" */;
			buildPhases = (
				F5FC3E281D1CDFFE009829B1 /* Sources */,
				F5FC3E291D1CDFFE009829B1 /* Frameworks */,
				F5FC3E2A1D1CDFFE009829B1 /* Resources */,
			);
			buildRules = (
			);
			dependencies = (
			);
			name = "界面超时";
			productName = "界面超时";
			productReference = F5FC3E2C1D1CDFFE009829B1 /* 界面超时.app */;
			productType = "com.apple.product-type.application";
		};
		F5FC3E441D1CDFFE009829B1 /* 界面超时Tests */ = {
			isa = PBXNativeTarget;
			buildConfigurationList = F5FC3E5C1D1CDFFE009829B1 /* Build configuration list for PBXNativeTarget "界面超时Tests" */;
			buildPhases = (
				F5FC3E411D1CDFFE009829B1 /* Sources */,
				F5FC3E421D1CDFFE009829B1 /* Frameworks */,
				F5FC3E431D1CDFFE009829B1 /* Resources */,
			);
			buildRules = (
			);
			dependencies = (
				F5FC3E471D1CDFFE009829B1 /* PBXTargetDependency */,
			);
			name = "界面超时Tests";
			productName = "界面超时Tests";
			productReference = F5FC3E451D1CDFFE009829B1 /* 界面超时Tests.xctest */;
			productType = "com.apple.product-type.bundle.unit-test";
		};
		F5FC3E4F1D1CDFFE009829B1 /* 界面超时UITests */ = {
			isa = PBXNativeTarget;
			buildConfigurationList = F5FC3E5F1D1CDFFE009829B1 /* Build configuration list for PBXNativeTarget "界面超时UITests" */;
			buildPhases = (
				F5FC3E4C1D1CDFFE009829B1 /* Sources */,
				F5FC3E4D1D1CDFFE009829B1 /* Frameworks */,
				F5FC3E4E1D1CDFFE009829B1 /* Resources */,
			);
			buildRules = (
			);
			dependencies = (
				F5FC3E521D1CDFFE009829B1 /* PBXTargetDependency */,
			);
			name = "界面超时UITests";
			productName = "界面超时UITests";
			productReference = F5FC3E501D1CDFFE009829B1 /* 界面超时UITests.xctest */;
			productType = "com.apple.product-type.bundle.ui-testing";
		};
/* End PBXNativeTarget section */

/* Begin PBXProject section */
		F5FC3E241D1CDFFD009829B1 /* Project object */ = {
			isa = PBXProject;
			attributes = {
				LastUpgradeCheck = 0730;
				ORGANIZATIONNAME = "张建军";
				TargetAttributes = {
					F5FC3E2B1D1CDFFE009829B1 = {
						CreatedOnToolsVersion = 7.3.1;
					};
					F5FC3E441D1CDFFE009829B1 = {
						CreatedOnToolsVersion = 7.3.1;
						TestTargetID = F5FC3E2B1D1CDFFE009829B1;
					};
					F5FC3E4F1D1CDFFE009829B1 = {
						CreatedOnToolsVersion = 7.3.1;
						TestTargetID = F5FC3E2B1D1CDFFE009829B1;
					};
				};
			};
			buildConfigurationList = F5FC3E271D1CDFFE009829B1 /* Build configuration list for PBXProject "界面超时" */;
			compatibilityVersion = "Xcode 3.2";
			developmentRegion = English;
			hasScannedForEncodings = 0;
			knownRegions = (
				en,
				Base,
			);
			mainGroup = F5FC3E231D1CDFFD009829B1;
			productRefGroup = F5FC3E2D1D1CDFFE009829B1 /* Products */;
			projectDirPath = "";
			projectRoot = "";
			targets = (
				F5FC3E2B1D1CDFFE009829B1 /* 界面超时 */,
				F5FC3E441D1CDFFE009829B1 /* 界面超时Tests */,
				F5FC3E4F1D1CDFFE009829B1 /* 界面超时UITests */,
			);
		};
/* End PBXProject section */

/* Begin PBXResourcesBuildPhase section */
		F5FC3E2A1D1CDFFE009829B1 /* Resources */ = {
			isa = PBXResourcesBuildPhase;
			buildActionMask = 2147483647;
			files = (
				F5FC3E3F1D1CDFFE009829B1 /* LaunchScreen.storyboard in Resources */,
				F5FC3E3C1D1CDFFE009829B1 /* Assets.xcassets in Resources */,
				F5FC3E3A1D1CDFFE009829B1 /* Main.storyboard in Resources */,
			);
			runOnlyForDeploymentPostprocessing = 0;
		};
		F5FC3E431D1CDFFE009829B1 /* Resources */ = {
			isa = PBXResourcesBuildPhase;
			buildActionMask = 2147483647;
			files = (
			);
			runOnlyForDeploymentPostprocessing = 0;
		};
		F5FC3E4E1D1CDFFE009829B1 /* Resources */ = {
			isa = PBXResourcesBuildPhase;
			buildActionMask = 2147483647;
			files = (
			);
			runOnlyForDeploymentPostprocessing = 0;
		};
/* End PBXResourcesBuildPhase section */

/* Begin PBXSourcesBuildPhase section */
		F5FC3E281D1CDFFE009829B1 /* Sources */ = {
			isa = PBXSourcesBuildPhase;
			buildActionMask = 2147483647;
			files = (
				F5FC3E371D1CDFFE009829B1 /* ViewController.m in Sources */,
				F5FC3E341D1CDFFE009829B1 /* AppDelegate.m in Sources */,
				F5FC3E311D1CDFFE009829B1 /* main.m in Sources */,
				F5FC3E641D1CE0DF009829B1 /* ZJJTimeOutApplicetion.m in Sources */,
			);
			runOnlyForDeploymentPostprocessing = 0;
		};
		F5FC3E411D1CDFFE009829B1 /* Sources */ = {
			isa = PBXSourcesBuildPhase;
			buildActionMask = 2147483647;
			files = (
				F5FC3E4A1D1CDFFE009829B1 /* ____Tests.m in Sources */,
			);
			runOnlyForDeploymentPostprocessing = 0;
		};
		F5FC3E4C1D1CDFFE009829B1 /* Sources */ = {
			isa = PBXSourcesBuildPhase;
			buildActionMask = 2147483647;
			files = (
				F5FC3E551D1CDFFE009829B1 /* ____UITests.m in Sources */,
			);
			runOnlyForDeploymentPostprocessing = 0;
		};
/* End PBXSourcesBuildPhase section */

/* Begin PBXTargetDependency section */
		F5FC3E471D1CDFFE009829B1 /* PBXTargetDependency */ = {
			isa = PBXTargetDependency;
			target = F5FC3E2B1D1CDFFE009829B1 /* 界面超时 */;
			targetProxy = F5FC3E461D1CDFFE009829B1 /* PBXContainerItemProxy */;
		};
		F5FC3E521D1CDFFE009829B1 /* PBXTargetDependency */ = {
			isa = PBXTargetDependency;
			target = F5FC3E2B1D1CDFFE009829B1 /* 界面超时 */;
			targetProxy = F5FC3E511D1CDFFE009829B1 /* PBXContainerItemProxy */;
		};
/* End PBXTargetDependency section */

/* Begin PBXVariantGroup section */
		F5FC3E381D1CDFFE009829B1 /* Main.storyboard */ = {
			isa = PBXVariantGroup;
			children = (
				F5FC3E391D1CDFFE009829B1 /* Base */,
			);
			name = Main.storyboard;
			sourceTree = "<group>";
		};
		F5FC3E3D1D1CDFFE009829B1 /* LaunchScreen.storyboard */ = {
			isa = PBXVariantGroup;
			children = (
				F5FC3E3E1D1CDFFE009829B1 /* Base */,
			);
			name = LaunchScreen.storyboard;
			sourceTree = "<group>";
		};
/* End PBXVariantGroup section */

/* Begin XCBuildConfiguration section */
		F5FC3E571D1CDFFE009829B1 /* Debug */ = {
			isa = XCBuildConfiguration;
			buildSettings = {
				ALWAYS_SEARCH_USER_PATHS = NO;
				CLANG_ANALYZER_NONNULL = YES;
				CLANG_CXX_LANGUAGE_STANDARD = "gnu++0x";
				CLANG_CXX_LIBRARY = "libc++";
				CLANG_ENABLE_MODULES = YES;
				CLANG_ENABLE_OBJC_ARC = YES;
				CLANG_WARN_BOOL_CONVERSION = YES;
				CLANG_WARN_CONSTANT_CONVERSION = YES;
				CLANG_WARN_DIRECT_OBJC_ISA_USAGE = YES_ERROR;
				CLANG_WARN_EMPTY_BODY = YES;
				CLANG_WARN_ENUM_CONVERSION = YES;
				CLANG_WARN_INT_CONVERSION = YES;
				CLANG_WARN_OBJC_ROOT_CLASS = YES_ERROR;
				CLANG_WARN_UNREACHABLE_CODE = YES;
				CLANG_WARN__DUPLICATE_METHOD_MATCH = YES;
				"CODE_SIGN_IDENTITY[sdk=iphoneos*]" = "iPhone Developer";
				COPY_PHASE_STRIP = NO;
				DEBUG_INFORMATION_FORMAT = dwarf;
				ENABLE_STRICT_OBJC_MSGSEND = YES;
				ENABLE_TESTABILITY = YES;
				GCC_C_LANGUAGE_STANDARD = gnu99;
				GCC_DYNAMIC_NO_PIC = NO;
				GCC_NO_COMMON_BLOCKS = YES;
				GCC_OPTIMIZATION_LEVEL = 0;
				GCC_PREPROCESSOR_DEFINITIONS = (
					"DEBUG=1",
					"$(inherited)",
				);
				GCC_WARN_64_TO_32_BIT_CONVERSION = YES;
				GCC_WARN_ABOUT_RETURN_TYPE = YES_ERROR;
				GCC_WARN_UNDECLARED_SELECTOR = YES;
				GCC_WARN_UNINITIALIZED_AUTOS = YES_AGGRESSIVE;
				GCC_WARN_UNUSED_FUNCTION = YES;
				GCC_WARN_UNUSED_VARIABLE = YES;
				IPHONEOS_DEPLOYMENT_TARGET = 9.3;
				MTL_ENABLE_DEBUG_INFO = YES;
				ONLY_ACTIVE_ARCH = YES;
				SDKROOT = iphoneos;
				TARGETED_DEVICE_FAMILY = "1,2";
			};
			name = Debug;
		};
		F5FC3E581D1CDFFE009829B1 /* Release */ = {
			isa = XCBuildConfiguration;
			buildSettings = {
				ALWAYS_SEARCH_USER_PATHS = NO;
				CLANG_ANALYZER_NONNULL = YES;
				CLANG_CXX_LANGUAGE_STANDARD = "gnu++0x";
				CLANG_CXX_LIBRARY = "libc++";
				CLANG_ENABLE_MODULES = YES;
				CLANG_ENABLE_OBJC_ARC = YES;
				CLANG_WARN_BOOL_CONVERSION = YES;
				CLANG_WARN_CONSTANT_CONVERSION = YES;
				CLANG_WARN_DIRECT_OBJC_ISA_USAGE = YES_ERROR;
				CLANG_WARN_EMPTY_BODY = YES;
				CLANG_WARN_ENUM_CONVERSION = YES;
				CLANG_WARN_INT_CONVERSION = YES;
				CLANG_WARN_OBJC_ROOT_CLASS = YES_ERROR;
				CLANG_WARN_UNREACHABLE_CODE = YES;
				CLANG_WARN__DUPLICATE_METHOD_MATCH = YES;
				"CODE_SIGN_IDENTITY[sdk=iphoneos*]" = "iPhone Developer";
				COPY_PHASE_STRIP = NO;
				DEBUG_INFORMATION_FORMAT = "dwarf-with-dsym";
				ENABLE_NS_ASSERTIONS = NO;
				ENABLE_STRICT_OBJC_MSGSEND = YES;
				GCC_C_LANGUAGE_STANDARD = gnu99;
				GCC_NO_COMMON_BLOCKS = YES;
				GCC_WARN_64_TO_32_BIT_CONVERSION = YES;
				GCC_WARN_ABOUT_RETURN_TYPE = YES_ERROR;
				GCC_WARN_UNDECLARED_SELECTOR = YES;
				GCC_WARN_UNINITIALIZED_AUTOS = YES_AGGRESSIVE;
				GCC_WARN_UNUSED_FUNCTION = YES;
				GCC_WARN_UNUSED_VARIABLE = YES;
				IPHONEOS_DEPLOYMENT_TARGET = 9.3;
				MTL_ENABLE_DEBUG_INFO = NO;
				SDKROOT = iphoneos;
				TARGETED_DEVICE_FAMILY = "1,2";
				VALIDATE_PRODUCT = YES;
			};
			name = Release;
		};
		F5FC3E5A1D1CDFFE009829B1 /* Debug */ = {
			isa = XCBuildConfiguration;
			buildSettings = {
				ASSETCATALOG_COMPILER_APPICON_NAME = AppIcon;
				INFOPLIST_FILE = "界面超时/Info.plist";
				IPHONEOS_DEPLOYMENT_TARGET = 9.2;
				LD_RUNPATH_SEARCH_PATHS = "$(inherited) @executable_path/Frameworks";
				PRODUCT_BUNDLE_IDENTIFIER = "zhangjianjun.----";
				PRODUCT_NAME = "$(TARGET_NAME)";
			};
			name = Debug;
		};
		F5FC3E5B1D1CDFFE009829B1 /* Release */ = {
			isa = XCBuildConfiguration;
			buildSettings = {
				ASSETCATALOG_COMPILER_APPICON_NAME = AppIcon;
				INFOPLIST_FILE = "界面超时/Info.plist";
				IPHONEOS_DEPLOYMENT_TARGET = 9.2;
				LD_RUNPATH_SEARCH_PATHS = "$(inherited) @executable_path/Frameworks";
				PRODUCT_BUNDLE_IDENTIFIER = "zhangjianjun.----";
				PRODUCT_NAME = "$(TARGET_NAME)";
			};
			name = Release;
		};
		F5FC3E5D1D1CDFFE009829B1 /* Debug */ = {
			isa = XCBuildConfiguration;
			buildSettings = {
				BUNDLE_LOADER = "$(TEST_HOST)";
				INFOPLIST_FILE = "界面超时Tests/Info.plist";
				LD_RUNPATH_SEARCH_PATHS = "$(inherited) @executable_path/Frameworks @loader_path/Frameworks";
				PRODUCT_BUNDLE_IDENTIFIER = "zhangjianjun.----Tests";
				PRODUCT_NAME = "$(TARGET_NAME)";
				TEST_HOST = "$(BUILT_PRODUCTS_DIR)/界面超时.app/界面超时";
			};
			name = Debug;
		};
		F5FC3E5E1D1CDFFE009829B1 /* Release */ = {
			isa = XCBuildConfiguration;
			buildSettings = {
				BUNDLE_LOADER = "$(TEST_HOST)";
				INFOPLIST_FILE = "界面超时Tests/Info.plist";
				LD_RUNPATH_SEARCH_PATHS = "$(inherited) @executable_path/Frameworks @loader_path/Frameworks";
				PRODUCT_BUNDLE_IDENTIFIER = "zhangjianjun.----Tests";
				PRODUCT_NAME = "$(TARGET_NAME)";
				TEST_HOST = "$(BUILT_PRODUCTS_DIR)/界面超时.app/界面超时";
			};
			name = Release;
		};
		F5FC3E601D1CDFFE009829B1 /* Debug */ = {
			isa = XCBuildConfiguration;
			buildSettings = {
				INFOPLIST_FILE = "界面超时UITests/Info.plist";
				LD_RUNPATH_SEARCH_PATHS = "$(inherited) @executable_path/Frameworks @loader_path/Frameworks";
				PRODUCT_BUNDLE_IDENTIFIER = "zhangjianjun.----UITests";
				PRODUCT_NAME = "$(TARGET_NAME)";
				TEST_TARGET_NAME = "界面超时";
			};
			name = Debug;
		};
		F5FC3E611D1CDFFE009829B1 /* Release */ = {
			isa = XCBuildConfiguration;
			buildSettings = {
				INFOPLIST_FILE = "界面超时UITests/Info.plist";
				LD_RUNPATH_SEARCH_PATHS = "$(inherited) @executable_path/Frameworks @loader_path/Frameworks";
				PRODUCT_BUNDLE_IDENTIFIER = "zhangjianjun.----UITests";
				PRODUCT_NAME = "$(TARGET_NAME)";
				TEST_TARGET_NAME = "界面超时";
			};
			name = Release;
		};
/* End XCBuildConfiguration section */

/* Begin XCConfigurationList section */
		F5FC3E271D1CDFFE009829B1 /* Build configuration list for PBXProject "界面超时" */ = {
			isa = XCConfigurationList;
			buildConfigurations = (
				F5FC3E571D1CDFFE009829B1 /* Debug */,
				F5FC3E581D1CDFFE009829B1 /* Release */,
			);
			defaultConfigurationIsVisible = 0;
			defaultConfigurationName = Release;
		};
		F5FC3E591D1CDFFE009829B1 /* Build configuration list for PBXNativeTarget "界面超时" */ = {
			isa = XCConfigurationList;
			buildConfigurations = (
				F5FC3E5A1D1CDFFE009829B1 /* Debug */,
				F5FC3E5B1D1CDFFE009829B1 /* Release */,
			);
			defaultConfigurationIsVisible = 0;
		};
		F5FC3E5C1D1CDFFE009829B1 /* Build configuration list for PBXNativeTarget "界面超时Tests" */ = {
			isa = XCConfigurationList;
			buildConfigurations = (
				F5FC3E5D1D1CDFFE009829B1 /* Debug */,
				F5FC3E5E1D1CDFFE009829B1 /* Release */,
			);
			defaultConfigurationIsVisible = 0;
		};
		F5FC3E5F1D1CDFFE009829B1 /* Build configuration list for PBXNativeTarget "界面超时UITests" */ = {
			isa = XCConfigurationList;
			buildConfigurations = (
				F5FC3E601D1CDFFE009829B1 /* Debug */,
				F5FC3E611D1CDFFE009829B1 /* Release */,
			);
			defaultConfigurationIsVisible = 0;
		};
/* End XCConfigurationList section */
	};
	rootObject = F5FC3E241D1CDFFD009829B1 /* Project object */;
}
